
Microsoft Visual Studio Solution File, Format Version 12.00
# Visual Studio 14
VisualStudioVersion = 14.0.25420.1
MinimumVisualStudioVersion = 10.0.40219.1
Project("{FAE04EC0-301F-11D3-BF4B-00C04F79EFBC}") = "Proizvodi", "Proizvodi\Proizvodi.csproj", "{AE71D535-0511-4F2B-8A2F-E8A133FCA661}"
EndProject
Project("{FAE04EC0-301F-11D3-BF4B-00C04F79EFBC}") = "DAL", "DAL\DAL.csproj", "{73BBD54C-39E6-4D6B-8C1C-68460637136F}"
EndProject
Project("{FAE04EC0-301F-11D3-BF4B-00C04F79EFBC}") = "BAL", "BAL\BAL.csproj", "{A32913DF-6614-420E-B033-7EF2B4230D6B}"
EndProject
Project("{FAE04EC0-301F-11D3-BF4B-00C04F79EFBC}") = "DALzaJSON", "DALzaJSON\DALzaJSON.csproj", "{F4650BCD-2C8C-40CC-9A35-4B3A1EF51660}"
EndProject
Global
	GlobalSection(SolutionConfigurationPlatforms) = preSolution
		Debug|Any CPU = Debug|Any CPU
		Release|Any CPU = Release|Any CPU
	EndGlobalSection
	GlobalSection(ProjectConfigurationPlatforms) = postSolution
		{AE71D535-0511-4F2B-8A2F-E8A133FCA661}.Debug|Any CPU.ActiveCfg = Debug|Any CPU
		{AE71D535-0511-4F2B-8A2F-E8A133FCA661}.Debug|Any CPU.Build.0 = Debug|Any CPU
		{AE71D535-0511-4F2B-8A2F-E8A133FCA661}.Release|Any CPU.ActiveCfg = Release|Any CPU
		{AE71D535-0511-4F2B-8A2F-E8A133FCA661}.Release|Any CPU.Build.0 = Release|Any CPU
		{73BBD54C-39E6-4D6B-8C1C-68460637136F}.Debug|Any CPU.ActiveCfg = Debug|Any CPU
		{73BBD54C-39E6-4D6B-8C1C-68460637136F}.Debug|Any CPU.Build.0 = Debug|Any CPU
		{73BBD54C-39E6-4D6B-8C1C-68460637136F}.Release|Any CPU.ActiveCfg = Release|Any CPU
		{73BBD54C-39E6-4D6B-8C1C-68460637136F}.Release|Any CPU.Build.0 = Release|Any CPU
		{A32913DF-6614-420E-B033-7EF2B4230D6B}.Debug|Any CPU.ActiveCfg = Debug|Any CPU
		{A32913DF-6614-420E-B033-7EF2B4230D6B}.Debug|Any CPU.Build.0 = Debug|Any CPU
		{A32913DF-6614-420E-B033-7EF2B4230D6B}.Release|Any CPU.ActiveCfg = Release|Any CPU
		{A32913DF-6614-420E-B033-7EF2B4230D6B}.Release|Any CPU.Build.0 = Release|Any CPU
		{F4650BCD-2C8C-40CC-9A35-4B3A1EF51660}.Debug|Any CPU.ActiveCfg = Debug|Any CPU
		{F4650BCD-2C8C-40CC-9A35-4B3A1EF51660}.Debug|Any CPU.Build.0 = Debug|Any CPU
		{F4650BCD-2C8C-40CC-9A35-4B3A1EF51660}.Release|Any CPU.ActiveCfg = Release|Any CPU
		{F4650BCD-2C8C-40CC-9A35-4B3A1EF51660}.Release|Any CPU.Build.0 = Release|Any CPU
	EndGlobalSection
	GlobalSection(SolutionProperties) = preSolution
		HideSolutionNode = FALSE
	EndGlobalSection
EndGlobal
